{
  "name": "hifest",
  "version": "1.0.0",
  "lockfileVersion": 1,
  "requires": true,
  "dependencies": {
    "fullpage.js": {
      "version": "4.0.9",
      "resolved": "https://registry.npmjs.org/fullpage.js/-/fullpage.js-4.0.9.tgz",
      "integrity": "sha512-/P9P8WqK5B1ZKGqT9PQmDdQY2xTg2lt3ersb+/X1kA47NlBakNyS/W4Zw9otW1loG2Or2OAh15VKaJVPsdMNVw=="
    }
  }
}
